
Microsoft Visual Studio Solution File, Format Version 12.00
# Visual Studio Version 17
VisualStudioVersion = 17.2.32505.173
MinimumVisualStudioVersion = 10.0.40219.1
Project("{FAE04EC0-301F-11D3-BF4B-00C04F79EFBC}") = "DecoratorPattern", "DecoratorPattern\DecoratorPattern.csproj", "{DADCF52E-21DD-4A38-8268-2CC8BC21938D}"
EndProject
Global
	GlobalSection(SolutionConfigurationPlatforms) = preSolution
		Debug|Any CPU = Debug|Any CPU
		Release|Any CPU = Release|Any CPU
	EndGlobalSection
	GlobalSection(ProjectConfigurationPlatforms) = postSolution
		{DADCF52E-21DD-4A38-8268-2CC8BC21938D}.Debug|Any CPU.ActiveCfg = Debug|Any CPU
		{DADCF52E-21DD-4A38-8268-2CC8BC21938D}.Debug|Any CPU.Build.0 = Debug|Any CPU
		{DADCF52E-21DD-4A38-8268-2CC8BC21938D}.Release|Any CPU.ActiveCfg = Release|Any CPU
		{DADCF52E-21DD-4A38-8268-2CC8BC21938D}.Release|Any CPU.Build.0 = Release|Any CPU
	EndGlobalSection
	GlobalSection(SolutionProperties) = preSolution
		HideSolutionNode = FALSE
	EndGlobalSection
	GlobalSection(ExtensibilityGlobals) = postSolution
		SolutionGuid = {70BD02F2-632C-4F4B-8B26-F6869DBEDA1F}
	EndGlobalSection
EndGlobal
